
Microsoft Visual Studio Solution File, Format Version 12.00
# Visual Studio Version 16
VisualStudioVersion = 16.0.31727.386
MinimumVisualStudioVersion = 10.0.40219.1
Project("{2150E333-8FDC-42A3-9474-1A3956D46DE8}") = "ソリューション項目", "ソリューション項目", "{1C69F7B3-5718-4D92-81E6-68074D7C8D5B}"
	ProjectSection(SolutionItems) = preProject
		YahooAPI\YahooAPI.vsd = YahooAPI\YahooAPI.vsd
	EndProjectSection
EndProject
Project("{FAE04EC0-301F-11D3-BF4B-00C04F79EFBC}") = "ORS_RCM", "Capital_SKS\ORS_RCM.csproj", "{FF655E96-E76D-4367-9F8F-6452E41692CF}"
EndProject
Project("{FAE04EC0-301F-11D3-BF4B-00C04F79EFBC}") = "ORS_RCM_BL", "CKSKS_BL\ORS_RCM_BL.csproj", "{F9557C2F-325E-405D-982C-DDBC893C3327}"
EndProject
Project("{FAE04EC0-301F-11D3-BF4B-00C04F79EFBC}") = "ORS_RCM_Common", "CKSKS_Common\ORS_RCM_Common.csproj", "{DEAE143F-C8A5-4A16-8CD8-061FDA6DDBC8}"
EndProject
Project("{FAE04EC0-301F-11D3-BF4B-00C04F79EFBC}") = "ORS_RCM_DL", "CKSKS_DL\ORS_RCM_DL.csproj", "{A89707D1-0292-4A2D-B15D-EB97FCEB6621}"
EndProject
Project("{FAE04EC0-301F-11D3-BF4B-00C04F79EFBC}") = "Item_Image_Import_Console", "Item_Image_Import_Console\Item_Image_Import_Console.csproj", "{076D7A59-8F7C-4B48-9BE8-21C321AB042F}"
EndProject
Project("{FAE04EC0-301F-11D3-BF4B-00C04F79EFBC}") = "Rakuten_CSV_Upload_Console", "Rakuten_RacketPlaza_CSV_Upload_Console\Rakuten_CSV_Upload_Console.csproj", "{3ADE1A86-3E4B-4B08-A1B1-0CA994349B04}"
EndProject
Project("{FAE04EC0-301F-11D3-BF4B-00C04F79EFBC}") = "API_Check", "API_Check\API_Check.csproj", "{AC87B0D7-F8FA-49AC-81A7-239C9F6A96D4}"
EndProject
Project("{FAE04EC0-301F-11D3-BF4B-00C04F79EFBC}") = "DB_AutoBackUp", "DB_AutoBackUp\DB_AutoBackUp.csproj", "{4C11DABF-777D-4530-A729-71C2AC5F3D65}"
EndProject
Project("{FAE04EC0-301F-11D3-BF4B-00C04F79EFBC}") = "API_Y_Painttool", "API_Y_Racket\API_Y_Painttool.csproj", "{B0FC0A1D-EA4F-4186-8769-813493E91B16}"
EndProject
Project("{FAE04EC0-301F-11D3-BF4B-00C04F79EFBC}") = "Yahoo_API", "YahooAPI\Yahoo_API.csproj", "{E896D994-939C-4063-85BB-BA759355B769}"
EndProject
Project("{FAE04EC0-301F-11D3-BF4B-00C04F79EFBC}") = "API_R_Painttool", "API_R_Painttool\API_R_Painttool.csproj", "{517354EF-E0DF-4E59-AD6E-C3E2C9E880ED}"
EndProject
Project("{FAE04EC0-301F-11D3-BF4B-00C04F79EFBC}") = "Inventory_Update_Console", "Inventory_Update_Console\Inventory_Update_Console.csproj", "{01BFA746-1838-4DA0-9AA4-4B7F3CEDD750}"
EndProject
Project("{FAE04EC0-301F-11D3-BF4B-00C04F79EFBC}") = "ORS_Download_Category", "ORS_Download_Category\ORS_Download_Category.csproj", "{8286FE04-463B-4C3D-A21E-916468754E22}"
EndProject
Project("{FAE04EC0-301F-11D3-BF4B-00C04F79EFBC}") = "GenerateYahooRefreshToken", "GenerateYahooRefreshToken\GenerateYahooRefreshToken.csproj", "{66B194A8-AD39-4F93-8C82-C758A448902C}"
EndProject
Project("{FAE04EC0-301F-11D3-BF4B-00C04F79EFBC}") = "Rakuten_Category_Create_API", "Rakuten_Category_Create_API\Rakuten_Category_Create_API.csproj", "{FCBE120D-890B-4994-80AE-4D136F05A288}"
EndProject
Project("{FAE04EC0-301F-11D3-BF4B-00C04F79EFBC}") = "Image_upload_Console", "Image_upload_Console\Image_upload_Console.csproj", "{14731B73-451F-4503-8205-608AF9C36453}"
EndProject
Project("{FAE04EC0-301F-11D3-BF4B-00C04F79EFBC}") = "Capital_SKS_Email_Delete", "Capital_SKS_Email_Delete\Capital_SKS_Email_Delete.csproj", "{EC69F9C7-F374-488D-9E95-B57F56646362}"
EndProject
Project("{FAE04EC0-301F-11D3-BF4B-00C04F79EFBC}") = "API_Wowma", "API_Wowma\API_Wowma.csproj", "{C1E0DB89-FBCE-4B57-9FE3-A3F2FA7AD092}"
EndProject
Project("{FAE04EC0-301F-11D3-BF4B-00C04F79EFBC}") = "Wowma_CSV_Upload_Console", "Wowma_CSV_Upload\Wowma_CSV_Upload_Console.csproj", "{184EE5E0-6B7D-44A2-9DC6-6CBEC52BA93F}"
EndProject
Project("{FAE04EC0-301F-11D3-BF4B-00C04F79EFBC}") = "Wowma_API_Inventory", "Wowma_API_Inventory\Wowma_API_Inventory.csproj", "{B63281AF-7A40-4F64-A4B5-A0A974C92591}"
EndProject
Project("{FAE04EC0-301F-11D3-BF4B-00C04F79EFBC}") = "DataCollect_Exhibition_TennisClassic_Console", "DataCollect_Exhibition_TennisClassic_Console\DataCollect_Exhibition_TennisClassic_Console.csproj", "{FDB72D5C-4CFB-4407-94B6-3674F1415E5B}"
EndProject
Project("{FAE04EC0-301F-11D3-BF4B-00C04F79EFBC}") = "TennisClassic_Upload_Console", "TennisClassic_Upload_Console\TennisClassic_Upload_Console.csproj", "{0A7F091C-03ED-46A6-9ECE-91E0E12920CD}"
EndProject
Project("{2150E333-8FDC-42A3-9474-1A3956D46DE8}") = "Solution Items", "Solution Items", "{40B25879-7A11-4C7F-B0B5-2753BCD236A3}"
	ProjectSection(SolutionItems) = preProject
		.editorconfig = .editorconfig
	EndProjectSection
EndProject
Project("{FAE04EC0-301F-11D3-BF4B-00C04F79EFBC}") = "ORS_RCM_Email_Reader", "Capital_SKS_Email_Reader\ORS_RCM_Email_Reader.csproj", "{819FFB5F-14B7-4F92-9538-84FB5967C9A2}"
EndProject
Global
	GlobalSection(SolutionConfigurationPlatforms) = preSolution
		Debug|Any CPU = Debug|Any CPU
		Debug|Mixed Platforms = Debug|Mixed Platforms
		Debug|x64 = Debug|x64
		Debug|x86 = Debug|x86
		Release|Any CPU = Release|Any CPU
		Release|Mixed Platforms = Release|Mixed Platforms
		Release|x64 = Release|x64
		Release|x86 = Release|x86
	EndGlobalSection
	GlobalSection(ProjectConfigurationPlatforms) = postSolution
		{FF655E96-E76D-4367-9F8F-6452E41692CF}.Debug|Any CPU.ActiveCfg = Debug|Any CPU
		{FF655E96-E76D-4367-9F8F-6452E41692CF}.Debug|Any CPU.Build.0 = Debug|Any CPU
		{FF655E96-E76D-4367-9F8F-6452E41692CF}.Debug|Mixed Platforms.ActiveCfg = Debug|Any CPU
		{FF655E96-E76D-4367-9F8F-6452E41692CF}.Debug|Mixed Platforms.Build.0 = Debug|Any CPU
		{FF655E96-E76D-4367-9F8F-6452E41692CF}.Debug|x64.ActiveCfg = Debug|Any CPU
		{FF655E96-E76D-4367-9F8F-6452E41692CF}.Debug|x64.Build.0 = Debug|Any CPU
		{FF655E96-E76D-4367-9F8F-6452E41692CF}.Debug|x86.ActiveCfg = Debug|Any CPU
		{FF655E96-E76D-4367-9F8F-6452E41692CF}.Release|Any CPU.ActiveCfg = Release|Any CPU
		{FF655E96-E76D-4367-9F8F-6452E41692CF}.Release|Any CPU.Build.0 = Release|Any CPU
		{FF655E96-E76D-4367-9F8F-6452E41692CF}.Release|Mixed Platforms.ActiveCfg = Release|Any CPU
		{FF655E96-E76D-4367-9F8F-6452E41692CF}.Release|Mixed Platforms.Build.0 = Release|Any CPU
		{FF655E96-E76D-4367-9F8F-6452E41692CF}.Release|x64.ActiveCfg = Release|x64
		{FF655E96-E76D-4367-9F8F-6452E41692CF}.Release|x64.Build.0 = Release|x64
		{FF655E96-E76D-4367-9F8F-6452E41692CF}.Release|x86.ActiveCfg = Release|Any CPU
		{F9557C2F-325E-405D-982C-DDBC893C3327}.Debug|Any CPU.ActiveCfg = Debug|Any CPU
		{F9557C2F-325E-405D-982C-DDBC893C3327}.Debug|Any CPU.Build.0 = Debug|Any CPU
		{F9557C2F-325E-405D-982C-DDBC893C3327}.Debug|Mixed Platforms.ActiveCfg = Debug|Any CPU
		{F9557C2F-325E-405D-982C-DDBC893C3327}.Debug|Mixed Platforms.Build.0 = Debug|Any CPU
		{F9557C2F-325E-405D-982C-DDBC893C3327}.Debug|x64.ActiveCfg = Debug|Any CPU
		{F9557C2F-325E-405D-982C-DDBC893C3327}.Debug|x86.ActiveCfg = Debug|Any CPU
		{F9557C2F-325E-405D-982C-DDBC893C3327}.Release|Any CPU.ActiveCfg = Release|Any CPU
		{F9557C2F-325E-405D-982C-DDBC893C3327}.Release|Any CPU.Build.0 = Release|Any CPU
		{F9557C2F-325E-405D-982C-DDBC893C3327}.Release|Mixed Platforms.ActiveCfg = Release|Any CPU
		{F9557C2F-325E-405D-982C-DDBC893C3327}.Release|Mixed Platforms.Build.0 = Release|Any CPU
		{F9557C2F-325E-405D-982C-DDBC893C3327}.Release|x64.ActiveCfg = Release|Any CPU
		{F9557C2F-325E-405D-982C-DDBC893C3327}.Release|x86.ActiveCfg = Release|Any CPU
		{DEAE143F-C8A5-4A16-8CD8-061FDA6DDBC8}.Debug|Any CPU.ActiveCfg = Debug|Any CPU
		{DEAE143F-C8A5-4A16-8CD8-061FDA6DDBC8}.Debug|Any CPU.Build.0 = Debug|Any CPU
		{DEAE143F-C8A5-4A16-8CD8-061FDA6DDBC8}.Debug|Mixed Platforms.ActiveCfg = Debug|Any CPU
		{DEAE143F-C8A5-4A16-8CD8-061FDA6DDBC8}.Debug|Mixed Platforms.Build.0 = Debug|Any CPU
		{DEAE143F-C8A5-4A16-8CD8-061FDA6DDBC8}.Debug|x64.ActiveCfg = Debug|Any CPU
		{DEAE143F-C8A5-4A16-8CD8-061FDA6DDBC8}.Debug|x86.ActiveCfg = Debug|Any CPU
		{DEAE143F-C8A5-4A16-8CD8-061FDA6DDBC8}.Release|Any CPU.ActiveCfg = Release|Any CPU
		{DEAE143F-C8A5-4A16-8CD8-061FDA6DDBC8}.Release|Any CPU.Build.0 = Release|Any CPU
		{DEAE143F-C8A5-4A16-8CD8-061FDA6DDBC8}.Release|Mixed Platforms.ActiveCfg = Release|Any CPU
		{DEAE143F-C8A5-4A16-8CD8-061FDA6DDBC8}.Release|Mixed Platforms.Build.0 = Release|Any CPU
		{DEAE143F-C8A5-4A16-8CD8-061FDA6DDBC8}.Release|x64.ActiveCfg = Release|Any CPU
		{DEAE143F-C8A5-4A16-8CD8-061FDA6DDBC8}.Release|x86.ActiveCfg = Release|Any CPU
		{A89707D1-0292-4A2D-B15D-EB97FCEB6621}.Debug|Any CPU.ActiveCfg = Debug|Any CPU
		{A89707D1-0292-4A2D-B15D-EB97FCEB6621}.Debug|Any CPU.Build.0 = Debug|Any CPU
		{A89707D1-0292-4A2D-B15D-EB97FCEB6621}.Debug|Mixed Platforms.ActiveCfg = Debug|Any CPU
		{A89707D1-0292-4A2D-B15D-EB97FCEB6621}.Debug|Mixed Platforms.Build.0 = Debug|Any CPU
		{A89707D1-0292-4A2D-B15D-EB97FCEB6621}.Debug|x64.ActiveCfg = Debug|Any CPU
		{A89707D1-0292-4A2D-B15D-EB97FCEB6621}.Debug|x86.ActiveCfg = Debug|Any CPU
		{A89707D1-0292-4A2D-B15D-EB97FCEB6621}.Release|Any CPU.ActiveCfg = Release|Any CPU
		{A89707D1-0292-4A2D-B15D-EB97FCEB6621}.Release|Any CPU.Build.0 = Release|Any CPU
		{A89707D1-0292-4A2D-B15D-EB97FCEB6621}.Release|Mixed Platforms.ActiveCfg = Release|Any CPU
		{A89707D1-0292-4A2D-B15D-EB97FCEB6621}.Release|Mixed Platforms.Build.0 = Release|Any CPU
		{A89707D1-0292-4A2D-B15D-EB97FCEB6621}.Release|x64.ActiveCfg = Release|Any CPU
		{A89707D1-0292-4A2D-B15D-EB97FCEB6621}.Release|x86.ActiveCfg = Release|Any CPU
		{076D7A59-8F7C-4B48-9BE8-21C321AB042F}.Debug|Any CPU.ActiveCfg = Debug|x86
		{076D7A59-8F7C-4B48-9BE8-21C321AB042F}.Debug|Mixed Platforms.ActiveCfg = Debug|x86
		{076D7A59-8F7C-4B48-9BE8-21C321AB042F}.Debug|Mixed Platforms.Build.0 = Debug|x86
		{076D7A59-8F7C-4B48-9BE8-21C321AB042F}.Debug|x64.ActiveCfg = Debug|x86
		{076D7A59-8F7C-4B48-9BE8-21C321AB042F}.Debug|x86.ActiveCfg = Debug|x86
		{076D7A59-8F7C-4B48-9BE8-21C321AB042F}.Debug|x86.Build.0 = Debug|x86
		{076D7A59-8F7C-4B48-9BE8-21C321AB042F}.Release|Any CPU.ActiveCfg = Release|x86
		{076D7A59-8F7C-4B48-9BE8-21C321AB042F}.Release|Mixed Platforms.ActiveCfg = Release|x86
		{076D7A59-8F7C-4B48-9BE8-21C321AB042F}.Release|Mixed Platforms.Build.0 = Release|x86
		{076D7A59-8F7C-4B48-9BE8-21C321AB042F}.Release|x64.ActiveCfg = Release|x86
		{076D7A59-8F7C-4B48-9BE8-21C321AB042F}.Release|x86.ActiveCfg = Release|x86
		{076D7A59-8F7C-4B48-9BE8-21C321AB042F}.Release|x86.Build.0 = Release|x86
		{3ADE1A86-3E4B-4B08-A1B1-0CA994349B04}.Debug|Any CPU.ActiveCfg = Debug|x86
		{3ADE1A86-3E4B-4B08-A1B1-0CA994349B04}.Debug|Mixed Platforms.ActiveCfg = Debug|x86
		{3ADE1A86-3E4B-4B08-A1B1-0CA994349B04}.Debug|Mixed Platforms.Build.0 = Debug|x86
		{3ADE1A86-3E4B-4B08-A1B1-0CA994349B04}.Debug|x64.ActiveCfg = Debug|x86
		{3ADE1A86-3E4B-4B08-A1B1-0CA994349B04}.Debug|x86.ActiveCfg = Debug|x86
		{3ADE1A86-3E4B-4B08-A1B1-0CA994349B04}.Debug|x86.Build.0 = Debug|x86
		{3ADE1A86-3E4B-4B08-A1B1-0CA994349B04}.Release|Any CPU.ActiveCfg = Release|x86
		{3ADE1A86-3E4B-4B08-A1B1-0CA994349B04}.Release|Mixed Platforms.ActiveCfg = Release|x86
		{3ADE1A86-3E4B-4B08-A1B1-0CA994349B04}.Release|Mixed Platforms.Build.0 = Release|x86
		{3ADE1A86-3E4B-4B08-A1B1-0CA994349B04}.Release|x64.ActiveCfg = Release|x86
		{3ADE1A86-3E4B-4B08-A1B1-0CA994349B04}.Release|x86.ActiveCfg = Release|x86
		{3ADE1A86-3E4B-4B08-A1B1-0CA994349B04}.Release|x86.Build.0 = Release|x86
		{AC87B0D7-F8FA-49AC-81A7-239C9F6A96D4}.Debug|Any CPU.ActiveCfg = Debug|x86
		{AC87B0D7-F8FA-49AC-81A7-239C9F6A96D4}.Debug|Mixed Platforms.ActiveCfg = Debug|x86
		{AC87B0D7-F8FA-49AC-81A7-239C9F6A96D4}.Debug|Mixed Platforms.Build.0 = Debug|x86
		{AC87B0D7-F8FA-49AC-81A7-239C9F6A96D4}.Debug|x64.ActiveCfg = Debug|x86
		{AC87B0D7-F8FA-49AC-81A7-239C9F6A96D4}.Debug|x86.ActiveCfg = Debug|x86
		{AC87B0D7-F8FA-49AC-81A7-239C9F6A96D4}.Debug|x86.Build.0 = Debug|x86
		{AC87B0D7-F8FA-49AC-81A7-239C9F6A96D4}.Release|Any CPU.ActiveCfg = Release|x86
		{AC87B0D7-F8FA-49AC-81A7-239C9F6A96D4}.Release|Mixed Platforms.ActiveCfg = Release|x86
		{AC87B0D7-F8FA-49AC-81A7-239C9F6A96D4}.Release|Mixed Platforms.Build.0 = Release|x86
		{AC87B0D7-F8FA-49AC-81A7-239C9F6A96D4}.Release|x64.ActiveCfg = Release|x86
		{AC87B0D7-F8FA-49AC-81A7-239C9F6A96D4}.Release|x86.ActiveCfg = Release|x86
		{AC87B0D7-F8FA-49AC-81A7-239C9F6A96D4}.Release|x86.Build.0 = Release|x86
		{4C11DABF-777D-4530-A729-71C2AC5F3D65}.Debug|Any CPU.ActiveCfg = Debug|x86
		{4C11DABF-777D-4530-A729-71C2AC5F3D65}.Debug|Mixed Platforms.ActiveCfg = Debug|x86
		{4C11DABF-777D-4530-A729-71C2AC5F3D65}.Debug|Mixed Platforms.Build.0 = Debug|x86
		{4C11DABF-777D-4530-A729-71C2AC5F3D65}.Debug|x64.ActiveCfg = Debug|x86
		{4C11DABF-777D-4530-A729-71C2AC5F3D65}.Debug|x86.ActiveCfg = Debug|x86
		{4C11DABF-777D-4530-A729-71C2AC5F3D65}.Debug|x86.Build.0 = Debug|x86
		{4C11DABF-777D-4530-A729-71C2AC5F3D65}.Release|Any CPU.ActiveCfg = Release|x86
		{4C11DABF-777D-4530-A729-71C2AC5F3D65}.Release|Mixed Platforms.ActiveCfg = Release|x86
		{4C11DABF-777D-4530-A729-71C2AC5F3D65}.Release|Mixed Platforms.Build.0 = Release|x86
		{4C11DABF-777D-4530-A729-71C2AC5F3D65}.Release|x64.ActiveCfg = Release|x86
		{4C11DABF-777D-4530-A729-71C2AC5F3D65}.Release|x86.ActiveCfg = Release|x86
		{4C11DABF-777D-4530-A729-71C2AC5F3D65}.Release|x86.Build.0 = Release|x86
		{B0FC0A1D-EA4F-4186-8769-813493E91B16}.Debug|Any CPU.ActiveCfg = Debug|Any CPU
		{B0FC0A1D-EA4F-4186-8769-813493E91B16}.Debug|Any CPU.Build.0 = Debug|Any CPU
		{B0FC0A1D-EA4F-4186-8769-813493E91B16}.Debug|Mixed Platforms.ActiveCfg = Debug|Any CPU
		{B0FC0A1D-EA4F-4186-8769-813493E91B16}.Debug|Mixed Platforms.Build.0 = Debug|Any CPU
		{B0FC0A1D-EA4F-4186-8769-813493E91B16}.Debug|x64.ActiveCfg = Debug|Any CPU
		{B0FC0A1D-EA4F-4186-8769-813493E91B16}.Debug|x86.ActiveCfg = Debug|Any CPU
		{B0FC0A1D-EA4F-4186-8769-813493E91B16}.Release|Any CPU.ActiveCfg = Release|Any CPU
		{B0FC0A1D-EA4F-4186-8769-813493E91B16}.Release|Any CPU.Build.0 = Release|Any CPU
		{B0FC0A1D-EA4F-4186-8769-813493E91B16}.Release|Mixed Platforms.ActiveCfg = Release|Any CPU
		{B0FC0A1D-EA4F-4186-8769-813493E91B16}.Release|Mixed Platforms.Build.0 = Release|Any CPU
		{B0FC0A1D-EA4F-4186-8769-813493E91B16}.Release|x64.ActiveCfg = Release|Any CPU
		{B0FC0A1D-EA4F-4186-8769-813493E91B16}.Release|x86.ActiveCfg = Release|Any CPU
		{E896D994-939C-4063-85BB-BA759355B769}.Debug|Any CPU.ActiveCfg = Debug|Any CPU
		{E896D994-939C-4063-85BB-BA759355B769}.Debug|Any CPU.Build.0 = Debug|Any CPU
		{E896D994-939C-4063-85BB-BA759355B769}.Debug|Mixed Platforms.ActiveCfg = Debug|Any CPU
		{E896D994-939C-4063-85BB-BA759355B769}.Debug|Mixed Platforms.Build.0 = Debug|Any CPU
		{E896D994-939C-4063-85BB-BA759355B769}.Debug|x64.ActiveCfg = Debug|Any CPU
		{E896D994-939C-4063-85BB-BA759355B769}.Debug|x86.ActiveCfg = Debug|Any CPU
		{E896D994-939C-4063-85BB-BA759355B769}.Release|Any CPU.ActiveCfg = Release|Any CPU
		{E896D994-939C-4063-85BB-BA759355B769}.Release|Any CPU.Build.0 = Release|Any CPU
		{E896D994-939C-4063-85BB-BA759355B769}.Release|Mixed Platforms.ActiveCfg = Release|Any CPU
		{E896D994-939C-4063-85BB-BA759355B769}.Release|Mixed Platforms.Build.0 = Release|Any CPU
		{E896D994-939C-4063-85BB-BA759355B769}.Release|x64.ActiveCfg = Release|Any CPU
		{E896D994-939C-4063-85BB-BA759355B769}.Release|x86.ActiveCfg = Release|Any CPU
		{517354EF-E0DF-4E59-AD6E-C3E2C9E880ED}.Debug|Any CPU.ActiveCfg = Debug|Any CPU
		{517354EF-E0DF-4E59-AD6E-C3E2C9E880ED}.Debug|Any CPU.Build.0 = Debug|Any CPU
		{517354EF-E0DF-4E59-AD6E-C3E2C9E880ED}.Debug|Mixed Platforms.ActiveCfg = Debug|Any CPU
		{517354EF-E0DF-4E59-AD6E-C3E2C9E880ED}.Debug|Mixed Platforms.Build.0 = Debug|Any CPU
		{517354EF-E0DF-4E59-AD6E-C3E2C9E880ED}.Debug|x64.ActiveCfg = Debug|Any CPU
		{517354EF-E0DF-4E59-AD6E-C3E2C9E880ED}.Debug|x86.ActiveCfg = Debug|Any CPU
		{517354EF-E0DF-4E59-AD6E-C3E2C9E880ED}.Release|Any CPU.ActiveCfg = Release|Any CPU
		{517354EF-E0DF-4E59-AD6E-C3E2C9E880ED}.Release|Any CPU.Build.0 = Release|Any CPU
		{517354EF-E0DF-4E59-AD6E-C3E2C9E880ED}.Release|Mixed Platforms.ActiveCfg = Release|Any CPU
		{517354EF-E0DF-4E59-AD6E-C3E2C9E880ED}.Release|Mixed Platforms.Build.0 = Release|Any CPU
		{517354EF-E0DF-4E59-AD6E-C3E2C9E880ED}.Release|x64.ActiveCfg = Release|Any CPU
		{517354EF-E0DF-4E59-AD6E-C3E2C9E880ED}.Release|x86.ActiveCfg = Release|Any CPU
		{01BFA746-1838-4DA0-9AA4-4B7F3CEDD750}.Debug|Any CPU.ActiveCfg = Debug|Any CPU
		{01BFA746-1838-4DA0-9AA4-4B7F3CEDD750}.Debug|Any CPU.Build.0 = Debug|Any CPU
		{01BFA746-1838-4DA0-9AA4-4B7F3CEDD750}.Debug|Mixed Platforms.ActiveCfg = Debug|Any CPU
		{01BFA746-1838-4DA0-9AA4-4B7F3CEDD750}.Debug|Mixed Platforms.Build.0 = Debug|Any CPU
		{01BFA746-1838-4DA0-9AA4-4B7F3CEDD750}.Debug|x64.ActiveCfg = Debug|Any CPU
		{01BFA746-1838-4DA0-9AA4-4B7F3CEDD750}.Debug|x86.ActiveCfg = Debug|Any CPU
		{01BFA746-1838-4DA0-9AA4-4B7F3CEDD750}.Release|Any CPU.ActiveCfg = Release|Any CPU
		{01BFA746-1838-4DA0-9AA4-4B7F3CEDD750}.Release|Any CPU.Build.0 = Release|Any CPU
		{01BFA746-1838-4DA0-9AA4-4B7F3CEDD750}.Release|Mixed Platforms.ActiveCfg = Release|Any CPU
		{01BFA746-1838-4DA0-9AA4-4B7F3CEDD750}.Release|Mixed Platforms.Build.0 = Release|Any CPU
		{01BFA746-1838-4DA0-9AA4-4B7F3CEDD750}.Release|x64.ActiveCfg = Release|Any CPU
		{01BFA746-1838-4DA0-9AA4-4B7F3CEDD750}.Release|x86.ActiveCfg = Release|Any CPU
		{8286FE04-463B-4C3D-A21E-916468754E22}.Debug|Any CPU.ActiveCfg = Debug|Any CPU
		{8286FE04-463B-4C3D-A21E-916468754E22}.Debug|Any CPU.Build.0 = Debug|Any CPU
		{8286FE04-463B-4C3D-A21E-916468754E22}.Debug|Mixed Platforms.ActiveCfg = Debug|Any CPU
		{8286FE04-463B-4C3D-A21E-916468754E22}.Debug|Mixed Platforms.Build.0 = Debug|Any CPU
		{8286FE04-463B-4C3D-A21E-916468754E22}.Debug|x64.ActiveCfg = Debug|Any CPU
		{8286FE04-463B-4C3D-A21E-916468754E22}.Debug|x86.ActiveCfg = Debug|Any CPU
		{8286FE04-463B-4C3D-A21E-916468754E22}.Release|Any CPU.ActiveCfg = Release|Any CPU
		{8286FE04-463B-4C3D-A21E-916468754E22}.Release|Any CPU.Build.0 = Release|Any CPU
		{8286FE04-463B-4C3D-A21E-916468754E22}.Release|Mixed Platforms.ActiveCfg = Release|Any CPU
		{8286FE04-463B-4C3D-A21E-916468754E22}.Release|Mixed Platforms.Build.0 = Release|Any CPU
		{8286FE04-463B-4C3D-A21E-916468754E22}.Release|x64.ActiveCfg = Release|Any CPU
		{8286FE04-463B-4C3D-A21E-916468754E22}.Release|x86.ActiveCfg = Release|Any CPU
		{66B194A8-AD39-4F93-8C82-C758A448902C}.Debug|Any CPU.ActiveCfg = Debug|Any CPU
		{66B194A8-AD39-4F93-8C82-C758A448902C}.Debug|Any CPU.Build.0 = Debug|Any CPU
		{66B194A8-AD39-4F93-8C82-C758A448902C}.Debug|Mixed Platforms.ActiveCfg = Debug|Any CPU
		{66B194A8-AD39-4F93-8C82-C758A448902C}.Debug|Mixed Platforms.Build.0 = Debug|Any CPU
		{66B194A8-AD39-4F93-8C82-C758A448902C}.Debug|x64.ActiveCfg = Debug|Any CPU
		{66B194A8-AD39-4F93-8C82-C758A448902C}.Debug|x86.ActiveCfg = Debug|Any CPU
		{66B194A8-AD39-4F93-8C82-C758A448902C}.Release|Any CPU.ActiveCfg = Release|Any CPU
		{66B194A8-AD39-4F93-8C82-C758A448902C}.Release|Any CPU.Build.0 = Release|Any CPU
		{66B194A8-AD39-4F93-8C82-C758A448902C}.Release|Mixed Platforms.ActiveCfg = Release|Any CPU
		{66B194A8-AD39-4F93-8C82-C758A448902C}.Release|Mixed Platforms.Build.0 = Release|Any CPU
		{66B194A8-AD39-4F93-8C82-C758A448902C}.Release|x64.ActiveCfg = Release|Any CPU
		{66B194A8-AD39-4F93-8C82-C758A448902C}.Release|x86.ActiveCfg = Release|Any CPU
		{FCBE120D-890B-4994-80AE-4D136F05A288}.Debug|Any CPU.ActiveCfg = Debug|Any CPU
		{FCBE120D-890B-4994-80AE-4D136F05A288}.Debug|Any CPU.Build.0 = Debug|Any CPU
		{FCBE120D-890B-4994-80AE-4D136F05A288}.Debug|Mixed Platforms.ActiveCfg = Debug|Any CPU
		{FCBE120D-890B-4994-80AE-4D136F05A288}.Debug|Mixed Platforms.Build.0 = Debug|Any CPU
		{FCBE120D-890B-4994-80AE-4D136F05A288}.Debug|x64.ActiveCfg = Debug|Any CPU
		{FCBE120D-890B-4994-80AE-4D136F05A288}.Debug|x86.ActiveCfg = Debug|Any CPU
		{FCBE120D-890B-4994-80AE-4D136F05A288}.Release|Any CPU.ActiveCfg = Release|Any CPU
		{FCBE120D-890B-4994-80AE-4D136F05A288}.Release|Any CPU.Build.0 = Release|Any CPU
		{FCBE120D-890B-4994-80AE-4D136F05A288}.Release|Mixed Platforms.ActiveCfg = Release|Any CPU
		{FCBE120D-890B-4994-80AE-4D136F05A288}.Release|Mixed Platforms.Build.0 = Release|Any CPU
		{FCBE120D-890B-4994-80AE-4D136F05A288}.Release|x64.ActiveCfg = Release|Any CPU
		{FCBE120D-890B-4994-80AE-4D136F05A288}.Release|x86.ActiveCfg = Release|Any CPU
		{14731B73-451F-4503-8205-608AF9C36453}.Debug|Any CPU.ActiveCfg = Debug|Any CPU
		{14731B73-451F-4503-8205-608AF9C36453}.Debug|Any CPU.Build.0 = Debug|Any CPU
		{14731B73-451F-4503-8205-608AF9C36453}.Debug|Mixed Platforms.ActiveCfg = Debug|Any CPU
		{14731B73-451F-4503-8205-608AF9C36453}.Debug|Mixed Platforms.Build.0 = Debug|Any CPU
		{14731B73-451F-4503-8205-608AF9C36453}.Debug|x64.ActiveCfg = Debug|Any CPU
		{14731B73-451F-4503-8205-608AF9C36453}.Debug|x64.Build.0 = Debug|Any CPU
		{14731B73-451F-4503-8205-608AF9C36453}.Debug|x86.ActiveCfg = Debug|Any CPU
		{14731B73-451F-4503-8205-608AF9C36453}.Debug|x86.Build.0 = Debug|Any CPU
		{14731B73-451F-4503-8205-608AF9C36453}.Release|Any CPU.ActiveCfg = Release|Any CPU
		{14731B73-451F-4503-8205-608AF9C36453}.Release|Any CPU.Build.0 = Release|Any CPU
		{14731B73-451F-4503-8205-608AF9C36453}.Release|Mixed Platforms.ActiveCfg = Release|Any CPU
		{14731B73-451F-4503-8205-608AF9C36453}.Release|Mixed Platforms.Build.0 = Release|Any CPU
		{14731B73-451F-4503-8205-608AF9C36453}.Release|x64.ActiveCfg = Release|Any CPU
		{14731B73-451F-4503-8205-608AF9C36453}.Release|x64.Build.0 = Release|Any CPU
		{14731B73-451F-4503-8205-608AF9C36453}.Release|x86.ActiveCfg = Release|Any CPU
		{14731B73-451F-4503-8205-608AF9C36453}.Release|x86.Build.0 = Release|Any CPU
		{EC69F9C7-F374-488D-9E95-B57F56646362}.Debug|Any CPU.ActiveCfg = Debug|x86
		{EC69F9C7-F374-488D-9E95-B57F56646362}.Debug|Mixed Platforms.ActiveCfg = Debug|x86
		{EC69F9C7-F374-488D-9E95-B57F56646362}.Debug|Mixed Platforms.Build.0 = Debug|x86
		{EC69F9C7-F374-488D-9E95-B57F56646362}.Debug|x64.ActiveCfg = Debug|x86
		{EC69F9C7-F374-488D-9E95-B57F56646362}.Debug|x86.ActiveCfg = Debug|x86
		{EC69F9C7-F374-488D-9E95-B57F56646362}.Debug|x86.Build.0 = Debug|x86
		{EC69F9C7-F374-488D-9E95-B57F56646362}.Release|Any CPU.ActiveCfg = Release|x86
		{EC69F9C7-F374-488D-9E95-B57F56646362}.Release|Mixed Platforms.ActiveCfg = Release|x86
		{EC69F9C7-F374-488D-9E95-B57F56646362}.Release|Mixed Platforms.Build.0 = Release|x86
		{EC69F9C7-F374-488D-9E95-B57F56646362}.Release|x64.ActiveCfg = Release|x86
		{EC69F9C7-F374-488D-9E95-B57F56646362}.Release|x86.ActiveCfg = Release|x86
		{EC69F9C7-F374-488D-9E95-B57F56646362}.Release|x86.Build.0 = Release|x86
		{C1E0DB89-FBCE-4B57-9FE3-A3F2FA7AD092}.Debug|Any CPU.ActiveCfg = Debug|Any CPU
		{C1E0DB89-FBCE-4B57-9FE3-A3F2FA7AD092}.Debug|Any CPU.Build.0 = Debug|Any CPU
		{C1E0DB89-FBCE-4B57-9FE3-A3F2FA7AD092}.Debug|Mixed Platforms.ActiveCfg = Debug|Any CPU
		{C1E0DB89-FBCE-4B57-9FE3-A3F2FA7AD092}.Debug|Mixed Platforms.Build.0 = Debug|Any CPU
		{C1E0DB89-FBCE-4B57-9FE3-A3F2FA7AD092}.Debug|x64.ActiveCfg = Debug|Any CPU
		{C1E0DB89-FBCE-4B57-9FE3-A3F2FA7AD092}.Debug|x64.Build.0 = Debug|Any CPU
		{C1E0DB89-FBCE-4B57-9FE3-A3F2FA7AD092}.Debug|x86.ActiveCfg = Debug|Any CPU
		{C1E0DB89-FBCE-4B57-9FE3-A3F2FA7AD092}.Debug|x86.Build.0 = Debug|Any CPU
		{C1E0DB89-FBCE-4B57-9FE3-A3F2FA7AD092}.Release|Any CPU.ActiveCfg = Release|Any CPU
		{C1E0DB89-FBCE-4B57-9FE3-A3F2FA7AD092}.Release|Any CPU.Build.0 = Release|Any CPU
		{C1E0DB89-FBCE-4B57-9FE3-A3F2FA7AD092}.Release|Mixed Platforms.ActiveCfg = Release|Any CPU
		{C1E0DB89-FBCE-4B57-9FE3-A3F2FA7AD092}.Release|Mixed Platforms.Build.0 = Release|Any CPU
		{C1E0DB89-FBCE-4B57-9FE3-A3F2FA7AD092}.Release|x64.ActiveCfg = Release|Any CPU
		{C1E0DB89-FBCE-4B57-9FE3-A3F2FA7AD092}.Release|x64.Build.0 = Release|Any CPU
		{C1E0DB89-FBCE-4B57-9FE3-A3F2FA7AD092}.Release|x86.ActiveCfg = Release|Any CPU
		{C1E0DB89-FBCE-4B57-9FE3-A3F2FA7AD092}.Release|x86.Build.0 = Release|Any CPU
		{184EE5E0-6B7D-44A2-9DC6-6CBEC52BA93F}.Debug|Any CPU.ActiveCfg = Debug|Any CPU
		{184EE5E0-6B7D-44A2-9DC6-6CBEC52BA93F}.Debug|Any CPU.Build.0 = Debug|Any CPU
		{184EE5E0-6B7D-44A2-9DC6-6CBEC52BA93F}.Debug|Mixed Platforms.ActiveCfg = Debug|Any CPU
		{184EE5E0-6B7D-44A2-9DC6-6CBEC52BA93F}.Debug|Mixed Platforms.Build.0 = Debug|Any CPU
		{184EE5E0-6B7D-44A2-9DC6-6CBEC52BA93F}.Debug|x64.ActiveCfg = Debug|Any CPU
		{184EE5E0-6B7D-44A2-9DC6-6CBEC52BA93F}.Debug|x64.Build.0 = Debug|Any CPU
		{184EE5E0-6B7D-44A2-9DC6-6CBEC52BA93F}.Debug|x86.ActiveCfg = Debug|Any CPU
		{184EE5E0-6B7D-44A2-9DC6-6CBEC52BA93F}.Debug|x86.Build.0 = Debug|Any CPU
		{184EE5E0-6B7D-44A2-9DC6-6CBEC52BA93F}.Release|Any CPU.ActiveCfg = Release|Any CPU
		{184EE5E0-6B7D-44A2-9DC6-6CBEC52BA93F}.Release|Any CPU.Build.0 = Release|Any CPU
		{184EE5E0-6B7D-44A2-9DC6-6CBEC52BA93F}.Release|Mixed Platforms.ActiveCfg = Release|Any CPU
		{184EE5E0-6B7D-44A2-9DC6-6CBEC52BA93F}.Release|Mixed Platforms.Build.0 = Release|Any CPU
		{184EE5E0-6B7D-44A2-9DC6-6CBEC52BA93F}.Release|x64.ActiveCfg = Release|Any CPU
		{184EE5E0-6B7D-44A2-9DC6-6CBEC52BA93F}.Release|x64.Build.0 = Release|Any CPU
		{184EE5E0-6B7D-44A2-9DC6-6CBEC52BA93F}.Release|x86.ActiveCfg = Release|Any CPU
		{184EE5E0-6B7D-44A2-9DC6-6CBEC52BA93F}.Release|x86.Build.0 = Release|Any CPU
		{B63281AF-7A40-4F64-A4B5-A0A974C92591}.Debug|Any CPU.ActiveCfg = Debug|Any CPU
		{B63281AF-7A40-4F64-A4B5-A0A974C92591}.Debug|Any CPU.Build.0 = Debug|Any CPU
		{B63281AF-7A40-4F64-A4B5-A0A974C92591}.Debug|Mixed Platforms.ActiveCfg = Debug|Any CPU
		{B63281AF-7A40-4F64-A4B5-A0A974C92591}.Debug|Mixed Platforms.Build.0 = Debug|Any CPU
		{B63281AF-7A40-4F64-A4B5-A0A974C92591}.Debug|x64.ActiveCfg = Debug|Any CPU
		{B63281AF-7A40-4F64-A4B5-A0A974C92591}.Debug|x64.Build.0 = Debug|Any CPU
		{B63281AF-7A40-4F64-A4B5-A0A974C92591}.Debug|x86.ActiveCfg = Debug|Any CPU
		{B63281AF-7A40-4F64-A4B5-A0A974C92591}.Debug|x86.Build.0 = Debug|Any CPU
		{B63281AF-7A40-4F64-A4B5-A0A974C92591}.Release|Any CPU.ActiveCfg = Release|Any CPU
		{B63281AF-7A40-4F64-A4B5-A0A974C92591}.Release|Any CPU.Build.0 = Release|Any CPU
		{B63281AF-7A40-4F64-A4B5-A0A974C92591}.Release|Mixed Platforms.ActiveCfg = Release|Any CPU
		{B63281AF-7A40-4F64-A4B5-A0A974C92591}.Release|Mixed Platforms.Build.0 = Release|Any CPU
		{B63281AF-7A40-4F64-A4B5-A0A974C92591}.Release|x64.ActiveCfg = Release|Any CPU
		{B63281AF-7A40-4F64-A4B5-A0A974C92591}.Release|x64.Build.0 = Release|Any CPU
		{B63281AF-7A40-4F64-A4B5-A0A974C92591}.Release|x86.ActiveCfg = Release|Any CPU
		{B63281AF-7A40-4F64-A4B5-A0A974C92591}.Release|x86.Build.0 = Release|Any CPU
		{FDB72D5C-4CFB-4407-94B6-3674F1415E5B}.Debug|Any CPU.ActiveCfg = Debug|Any CPU
		{FDB72D5C-4CFB-4407-94B6-3674F1415E5B}.Debug|Any CPU.Build.0 = Debug|Any CPU
		{FDB72D5C-4CFB-4407-94B6-3674F1415E5B}.Debug|Mixed Platforms.ActiveCfg = Debug|Any CPU
		{FDB72D5C-4CFB-4407-94B6-3674F1415E5B}.Debug|Mixed Platforms.Build.0 = Debug|Any CPU
		{FDB72D5C-4CFB-4407-94B6-3674F1415E5B}.Debug|x64.ActiveCfg = Debug|Any CPU
		{FDB72D5C-4CFB-4407-94B6-3674F1415E5B}.Debug|x64.Build.0 = Debug|Any CPU
		{FDB72D5C-4CFB-4407-94B6-3674F1415E5B}.Debug|x86.ActiveCfg = Debug|Any CPU
		{FDB72D5C-4CFB-4407-94B6-3674F1415E5B}.Debug|x86.Build.0 = Debug|Any CPU
		{FDB72D5C-4CFB-4407-94B6-3674F1415E5B}.Release|Any CPU.ActiveCfg = Release|Any CPU
		{FDB72D5C-4CFB-4407-94B6-3674F1415E5B}.Release|Any CPU.Build.0 = Release|Any CPU
		{FDB72D5C-4CFB-4407-94B6-3674F1415E5B}.Release|Mixed Platforms.ActiveCfg = Release|Any CPU
		{FDB72D5C-4CFB-4407-94B6-3674F1415E5B}.Release|Mixed Platforms.Build.0 = Release|Any CPU
		{FDB72D5C-4CFB-4407-94B6-3674F1415E5B}.Release|x64.ActiveCfg = Release|Any CPU
		{FDB72D5C-4CFB-4407-94B6-3674F1415E5B}.Release|x64.Build.0 = Release|Any CPU
		{FDB72D5C-4CFB-4407-94B6-3674F1415E5B}.Release|x86.ActiveCfg = Release|Any CPU
		{FDB72D5C-4CFB-4407-94B6-3674F1415E5B}.Release|x86.Build.0 = Release|Any CPU
		{0A7F091C-03ED-46A6-9ECE-91E0E12920CD}.Debug|Any CPU.ActiveCfg = Debug|Any CPU
		{0A7F091C-03ED-46A6-9ECE-91E0E12920CD}.Debug|Any CPU.Build.0 = Debug|Any CPU
		{0A7F091C-03ED-46A6-9ECE-91E0E12920CD}.Debug|Mixed Platforms.ActiveCfg = Debug|Any CPU
		{0A7F091C-03ED-46A6-9ECE-91E0E12920CD}.Debug|Mixed Platforms.Build.0 = Debug|Any CPU
		{0A7F091C-03ED-46A6-9ECE-91E0E12920CD}.Debug|x64.ActiveCfg = Debug|Any CPU
		{0A7F091C-03ED-46A6-9ECE-91E0E12920CD}.Debug|x64.Build.0 = Debug|Any CPU
		{0A7F091C-03ED-46A6-9ECE-91E0E12920CD}.Debug|x86.ActiveCfg = Debug|Any CPU
		{0A7F091C-03ED-46A6-9ECE-91E0E12920CD}.Debug|x86.Build.0 = Debug|Any CPU
		{0A7F091C-03ED-46A6-9ECE-91E0E12920CD}.Release|Any CPU.ActiveCfg = Release|Any CPU
		{0A7F091C-03ED-46A6-9ECE-91E0E12920CD}.Release|Any CPU.Build.0 = Release|Any CPU
		{0A7F091C-03ED-46A6-9ECE-91E0E12920CD}.Release|Mixed Platforms.ActiveCfg = Release|Any CPU
		{0A7F091C-03ED-46A6-9ECE-91E0E12920CD}.Release|Mixed Platforms.Build.0 = Release|Any CPU
		{0A7F091C-03ED-46A6-9ECE-91E0E12920CD}.Release|x64.ActiveCfg = Release|Any CPU
		{0A7F091C-03ED-46A6-9ECE-91E0E12920CD}.Release|x64.Build.0 = Release|Any CPU
		{0A7F091C-03ED-46A6-9ECE-91E0E12920CD}.Release|x86.ActiveCfg = Release|Any CPU
		{0A7F091C-03ED-46A6-9ECE-91E0E12920CD}.Release|x86.Build.0 = Release|Any CPU
		{819FFB5F-14B7-4F92-9538-84FB5967C9A2}.Debug|Any CPU.ActiveCfg = Debug|x86
		{819FFB5F-14B7-4F92-9538-84FB5967C9A2}.Debug|Mixed Platforms.ActiveCfg = Debug|x86
		{819FFB5F-14B7-4F92-9538-84FB5967C9A2}.Debug|Mixed Platforms.Build.0 = Debug|x86
		{819FFB5F-14B7-4F92-9538-84FB5967C9A2}.Debug|x64.ActiveCfg = Debug|x86
		{819FFB5F-14B7-4F92-9538-84FB5967C9A2}.Debug|x86.ActiveCfg = Debug|x86
		{819FFB5F-14B7-4F92-9538-84FB5967C9A2}.Debug|x86.Build.0 = Debug|x86
		{819FFB5F-14B7-4F92-9538-84FB5967C9A2}.Release|Any CPU.ActiveCfg = Release|x86
		{819FFB5F-14B7-4F92-9538-84FB5967C9A2}.Release|Mixed Platforms.ActiveCfg = Release|x86
		{819FFB5F-14B7-4F92-9538-84FB5967C9A2}.Release|Mixed Platforms.Build.0 = Release|x86
		{819FFB5F-14B7-4F92-9538-84FB5967C9A2}.Release|x64.ActiveCfg = Release|x86
		{819FFB5F-14B7-4F92-9538-84FB5967C9A2}.Release|x86.ActiveCfg = Release|x86
		{819FFB5F-14B7-4F92-9538-84FB5967C9A2}.Release|x86.Build.0 = Release|x86
	EndGlobalSection
	GlobalSection(SolutionProperties) = preSolution
		HideSolutionNode = FALSE
	EndGlobalSection
	GlobalSection(ExtensibilityGlobals) = postSolution
		SolutionGuid = {160FAEF4-8184-4340-806B-E3E2F5A4D3C4}
	EndGlobalSection
EndGlobal
